{
    "name": "upgrade-npm-package",
    "version": "0.1.0",
    "lockfileVersion": 2,
    "requires": true,
    "packages": {
        "": {
            "name": "upgrade-npm-package",
            "version": "0.1.0",
            "license": "ISC",
            "dependencies": {
                "semver": "^7.3.7"
            },
            "bin": {
                "upgrade-npm-package": "cli.js"
            },
            "devDependencies": {
                "@npm/types": "^1.0.2",
                "@types/node": "^16.11.45",
                "@types/semver": "^7.3.10",
                "tslib": "^2.4.0"
            },
            "peerDependencies": {
                "node-fetch": "^3.2.9"
            }
        },
        "node_modules/@npm/types": {
            "version": "1.0.2",
            "dev": true,
            "license": "MIT"
        },
        "node_modules/@types/node": {
            "version": "16.11.46",
            "dev": true,
            "license": "MIT"
        },
        "node_modules/@types/semver": {
            "version": "7.3.10",
            "dev": true,
            "license": "MIT"
        },
        "node_modules/data-uri-to-buffer": {
            "version": "4.0.0",
            "license": "MIT",
            "peer": true,
            "engines": {
                "node": ">= 12"
            }
        },
        "node_modules/fetch-blob": {
            "version": "3.2.0",
            "funding": [
                {
                    "type": "github",
                    "url": "https://github.com/sponsors/jimmywarting"
                },
                {
                    "type": "paypal",
                    "url": "https://paypal.me/jimmywarting"
                }
            ],
            "license": "MIT",
            "peer": true,
            "dependencies": {
                "node-domexception": "^1.0.0",
                "web-streams-polyfill": "^3.0.3"
            },
            "engines": {
                "node": "^12.20 || >= 14.13"
            }
        },
        "node_modules/formdata-polyfill": {
            "version": "4.0.10",
            "license": "MIT",
            "peer": true,
            "dependencies": {
                "fetch-blob": "^3.1.2"
            },
            "engines": {
                "node": ">=12.20.0"
            }
        },
        "node_modules/lru-cache": {
            "version": "6.0.0",
            "license": "ISC",
            "dependencies": {
                "yallist": "^4.0.0"
            },
            "engines": {
                "node": ">=10"
            }
        },
        "node_modules/node-domexception": {
            "version": "1.0.0",
            "funding": [
                {
                    "type": "github",
                    "url": "https://github.com/sponsors/jimmywarting"
                },
                {
                    "type": "github",
                    "url": "https://paypal.me/jimmywarting"
                }
            ],
            "license": "MIT",
            "peer": true,
            "engines": {
                "node": ">=10.5.0"
            }
        },
        "node_modules/node-fetch": {
            "version": "3.2.9",
            "license": "MIT",
            "peer": true,
            "dependencies": {
                "data-uri-to-buffer": "^4.0.0",
                "fetch-blob": "^3.1.4",
                "formdata-polyfill": "^4.0.10"
            },
            "engines": {
                "node": "^12.20.0 || ^14.13.1 || >=16.0.0"
            },
            "funding": {
                "type": "opencollective",
                "url": "https://opencollective.com/node-fetch"
            }
        },
        "node_modules/semver": {
            "version": "7.3.7",
            "license": "ISC",
            "dependencies": {
                "lru-cache": "^6.0.0"
            },
            "bin": {
                "semver": "bin/semver.js"
            },
            "engines": {
                "node": ">=10"
            }
        },
        "node_modules/tslib": {
            "version": "2.4.0",
            "dev": true,
            "license": "0BSD"
        },
        "node_modules/web-streams-polyfill": {
            "version": "3.2.1",
            "license": "MIT",
            "peer": true,
            "engines": {
                "node": ">= 8"
            }
        },
        "node_modules/yallist": {
            "version": "4.0.0",
            "license": "ISC"
        }
    },
    "dependencies": {
        "@npm/types": {
            "version": "1.0.2",
            "dev": true
        },
        "@types/node": {
            "version": "16.11.46",
            "dev": true
        },
        "@types/semver": {
            "version": "7.3.10",
            "dev": true
        },
        "data-uri-to-buffer": {
            "version": "4.0.0",
            "peer": true
        },
        "fetch-blob": {
            "version": "3.2.0",
            "peer": true,
            "requires": {
                "node-domexception": "^1.0.0",
                "web-streams-polyfill": "^3.0.3"
            }
        },
        "formdata-polyfill": {
            "version": "4.0.10",
            "peer": true,
            "requires": {
                "fetch-blob": "^3.1.2"
            }
        },
        "lru-cache": {
            "version": "6.0.0",
            "requires": {
                "yallist": "^4.0.0"
            }
        },
        "node-domexception": {
            "version": "1.0.0",
            "peer": true
        },
        "node-fetch": {
            "version": "3.2.9",
            "peer": true,
            "requires": {
                "data-uri-to-buffer": "^4.0.0",
                "fetch-blob": "^3.1.4",
                "formdata-polyfill": "^4.0.10"
            }
        },
        "semver": {
            "version": "7.3.7",
            "requires": {
                "lru-cache": "^6.0.0"
            }
        },
        "tslib": {
            "version": "2.4.0",
            "dev": true
        },
        "web-streams-polyfill": {
            "version": "3.2.1",
            "peer": true
        },
        "yallist": {
            "version": "4.0.0"
        }
    }
}
